
Microsoft Visual Studio Solution File, Format Version 12.00
# Visual Studio 15
VisualStudioVersion = 15.0.26206.0
MinimumVisualStudioVersion = 10.0.40219.1
Project("{FAE04EC0-301F-11D3-BF4B-00C04F79EFBC}") = "UrlsAndRoutes", "UrlsAndRoutes\UrlsAndRoutes.csproj", "{47D9E05F-0FE2-48AF-B173-F7771479D453}"
EndProject
Project("{FAE04EC0-301F-11D3-BF4B-00C04F79EFBC}") = "UrlsAndRoutes.Tests", "UrlsAndRoutes.Tests\UrlsAndRoutes.Tests.csproj", "{4D533F71-3850-4AD8-BBE1-6299D7346B7D}"
EndProject
Global
	GlobalSection(SolutionConfigurationPlatforms) = preSolution
		Debug|Any CPU = Debug|Any CPU
		Release|Any CPU = Release|Any CPU
	EndGlobalSection
	GlobalSection(ProjectConfigurationPlatforms) = postSolution
		{47D9E05F-0FE2-48AF-B173-F7771479D453}.Debug|Any CPU.ActiveCfg = Debug|Any CPU
		{47D9E05F-0FE2-48AF-B173-F7771479D453}.Debug|Any CPU.Build.0 = Debug|Any CPU
		{47D9E05F-0FE2-48AF-B173-F7771479D453}.Release|Any CPU.ActiveCfg = Release|Any CPU
		{47D9E05F-0FE2-48AF-B173-F7771479D453}.Release|Any CPU.Build.0 = Release|Any CPU
		{4D533F71-3850-4AD8-BBE1-6299D7346B7D}.Debug|Any CPU.ActiveCfg = Debug|Any CPU
		{4D533F71-3850-4AD8-BBE1-6299D7346B7D}.Debug|Any CPU.Build.0 = Debug|Any CPU
		{4D533F71-3850-4AD8-BBE1-6299D7346B7D}.Release|Any CPU.ActiveCfg = Release|Any CPU
		{4D533F71-3850-4AD8-BBE1-6299D7346B7D}.Release|Any CPU.Build.0 = Release|Any CPU
	EndGlobalSection
	GlobalSection(SolutionProperties) = preSolution
		HideSolutionNode = FALSE
	EndGlobalSection
EndGlobal
